
Microsoft Visual Studio Solution File, Format Version 12.00
# Visual Studio Version 17
VisualStudioVersion = 17.7.34031.279
MinimumVisualStudioVersion = 10.0.40219.1
Project("{FAE04EC0-301F-11D3-BF4B-00C04F79EFBC}") = "Processos", "Processos\Processos.csproj", "{4964E0F7-56D0-4F5B-89E9-ABA22C787B34}"
EndProject
Global
	GlobalSection(SolutionConfigurationPlatforms) = preSolution
		Debug|Any CPU = Debug|Any CPU
		Release|Any CPU = Release|Any CPU
	EndGlobalSection
	GlobalSection(ProjectConfigurationPlatforms) = postSolution
		{4964E0F7-56D0-4F5B-89E9-ABA22C787B34}.Debug|Any CPU.ActiveCfg = Debug|Any CPU
		{4964E0F7-56D0-4F5B-89E9-ABA22C787B34}.Debug|Any CPU.Build.0 = Debug|Any CPU
		{4964E0F7-56D0-4F5B-89E9-ABA22C787B34}.Release|Any CPU.ActiveCfg = Release|Any CPU
		{4964E0F7-56D0-4F5B-89E9-ABA22C787B34}.Release|Any CPU.Build.0 = Release|Any CPU
	EndGlobalSection
	GlobalSection(SolutionProperties) = preSolution
		HideSolutionNode = FALSE
	EndGlobalSection
	GlobalSection(ExtensibilityGlobals) = postSolution
		SolutionGuid = {61097D6E-0FB4-46C8-84AE-DC6DF8CF3435}
	EndGlobalSection
EndGlobal
